
Microsoft Visual Studio Solution File, Format Version 12.00
Project("{FAE04EC0-301F-11D3-BF4B-00C04F79EFBC}") = "AutoFixtureDemo", "AutoFixtureDemo\AutoFixtureDemo.csproj", "{7FB79971-14AA-4284-8C2B-F7046DEBF6F2}"
EndProject
Project("{FAE04EC0-301F-11D3-BF4B-00C04F79EFBC}") = "AutoFixtureDemo.Unit.Test", "AutoFixtureDemo.Unit.Test\AutoFixtureDemo.Unit.Test.csproj", "{D5AABC73-1E3A-4849-8B80-765C4D64B874}"
EndProject
Global
	GlobalSection(SolutionConfigurationPlatforms) = preSolution
		Debug|Any CPU = Debug|Any CPU
		Release|Any CPU = Release|Any CPU
	EndGlobalSection
	GlobalSection(ProjectConfigurationPlatforms) = postSolution
		{7FB79971-14AA-4284-8C2B-F7046DEBF6F2}.Debug|Any CPU.ActiveCfg = Debug|Any CPU
		{7FB79971-14AA-4284-8C2B-F7046DEBF6F2}.Debug|Any CPU.Build.0 = Debug|Any CPU
		{7FB79971-14AA-4284-8C2B-F7046DEBF6F2}.Release|Any CPU.ActiveCfg = Release|Any CPU
		{7FB79971-14AA-4284-8C2B-F7046DEBF6F2}.Release|Any CPU.Build.0 = Release|Any CPU
		{D5AABC73-1E3A-4849-8B80-765C4D64B874}.Debug|Any CPU.ActiveCfg = Debug|Any CPU
		{D5AABC73-1E3A-4849-8B80-765C4D64B874}.Debug|Any CPU.Build.0 = Debug|Any CPU
		{D5AABC73-1E3A-4849-8B80-765C4D64B874}.Release|Any CPU.ActiveCfg = Release|Any CPU
		{D5AABC73-1E3A-4849-8B80-765C4D64B874}.Release|Any CPU.Build.0 = Release|Any CPU
	EndGlobalSection
EndGlobal
